// !$*UTF8*$!
{
	archiveVersion = 1;
	classes = {
	};
	objectVersion = 46;
	objects = {

/* Begin PBXBuildFile section */
		161FE10A1AC986AD00EAE9E3 /* InputViewToolBar.swift in Sources */ = {isa = PBXBuildFile; fileRef = 161FE1091AC986AD00EAE9E3 /* InputViewToolBar.swift */; };
		16206B221ACB799400D75730 /* SignUpViewController.swift in Sources */ = {isa = PBXBuildFile; fileRef = 16206B211ACB799400D75730 /* SignUpViewController.swift */; };
		162B728C1AC4A70E00A70899 /* GroupsViewController.swift in Sources */ = {isa = PBXBuildFile; fileRef = 162B728B1AC4A70E00A70899 /* GroupsViewController.swift */; };
		162B72901AC4AD6A00A70899 /* User.swift in Sources */ = {isa = PBXBuildFile; fileRef = 162B728F1AC4AD6A00A70899 /* User.swift */; };
		162B72921AC4AF6900A70899 /* Group.swift in Sources */ = {isa = PBXBuildFile; fileRef = 162B72911AC4AF6900A70899 /* Group.swift */; };
		162B72941AC4CDAC00A70899 /* MembersViewController.swift in Sources */ = {isa = PBXBuildFile; fileRef = 162B72931AC4CDAC00A70899 /* MembersViewController.swift */; };
		166E03C81AC237A200169F33 /* AppDelegate.swift in Sources */ = {isa = PBXBuildFile; fileRef = 166E03C71AC237A200169F33 /* AppDelegate.swift */; };
		166E03CA1AC237A200169F33 /* LoginViewController.swift in Sources */ = {isa = PBXBuildFile; fileRef = 166E03C91AC237A200169F33 /* LoginViewController.swift */; };
		166E03CD1AC237A200169F33 /* Main.storyboard in Resources */ = {isa = PBXBuildFile; fileRef = 166E03CB1AC237A200169F33 /* Main.storyboard */; };
		166E03CF1AC237A200169F33 /* Images.xcassets in Resources */ = {isa = PBXBuildFile; fileRef = 166E03CE1AC237A200169F33 /* Images.xcassets */; };
		166E03D21AC237A200169F33 /* LaunchScreen.xib in Resources */ = {isa = PBXBuildFile; fileRef = 166E03D01AC237A200169F33 /* LaunchScreen.xib */; };
		166E03DE1AC237A200169F33 /* WhoseTurnTests.swift in Sources */ = {isa = PBXBuildFile; fileRef = 166E03DD1AC237A200169F33 /* WhoseTurnTests.swift */; };
		16A1B34C1AC58BB300C36D95 /* NewPaymentViewController.swift in Sources */ = {isa = PBXBuildFile; fileRef = 16A1B34B1AC58BB300C36D95 /* NewPaymentViewController.swift */; };
		16A1B34E1AC5AAE900C36D95 /* Payment.swift in Sources */ = {isa = PBXBuildFile; fileRef = 16A1B34D1AC5AAE900C36D95 /* Payment.swift */; };
		16A1B3511AC5B0C400C36D95 /* PayorPickerViewController.swift in Sources */ = {isa = PBXBuildFile; fileRef = 16A1B3501AC5B0C400C36D95 /* PayorPickerViewController.swift */; };
		16A1B35C1AC61FCE00C36D95 /* DayFormatter.swift in Sources */ = {isa = PBXBuildFile; fileRef = 16A1B35B1AC61FCE00C36D95 /* DayFormatter.swift */; };
		16A1B3601AC6217E00C36D95 /* DatePicker.swift in Sources */ = {isa = PBXBuildFile; fileRef = 16A1B35F1AC6217E00C36D95 /* DatePicker.swift */; };
		16A1B3621AC7086000C36D95 /* PaymentHistoryViewController.swift in Sources */ = {isa = PBXBuildFile; fileRef = 16A1B3611AC7086000C36D95 /* PaymentHistoryViewController.swift */; };
		16A1B3641AC7193400C36D95 /* MemberMultipleSelectionViewController.swift in Sources */ = {isa = PBXBuildFile; fileRef = 16A1B3631AC7193400C36D95 /* MemberMultipleSelectionViewController.swift */; };
		16CE30511ACB65F800F35D7D /* VerificationCode.swift in Sources */ = {isa = PBXBuildFile; fileRef = 16CE30501ACB65F800F35D7D /* VerificationCode.swift */; };
		16D644E91AC4D8C200BE0E0F /* ProfileViewController.swift in Sources */ = {isa = PBXBuildFile; fileRef = 16D644E81AC4D8C200BE0E0F /* ProfileViewController.swift */; };
		E79FCF117FB6D94358448040 /* libPods.a in Frameworks */ = {isa = PBXBuildFile; fileRef = A41D6344AB15F1FF7D817C77 /* libPods.a */; };
/* End PBXBuildFile section */

/* Begin PBXContainerItemProxy section */
		166E03D81AC237A200169F33 /* PBXContainerItemProxy */ = {
			isa = PBXContainerItemProxy;
			containerPortal = 166E03BA1AC237A100169F33 /* Project object */;
			proxyType = 1;
			remoteGlobalIDString = 166E03C11AC237A100169F33;
			remoteInfo = WhoseTurn;
		};
/* End PBXContainerItemProxy section */

/* Begin PBXFileReference section */
		0473FCBA44B894B231F42754 /* Pods.debug.xcconfig */ = {isa = PBXFileReference; includeInIndex = 1; lastKnownFileType = text.xcconfig; name = Pods.debug.xcconfig; path = "Pods/Target Support Files/Pods/Pods.debug.xcconfig"; sourceTree = "<group>"; };
		0A7B807C30C0F3E8AC5AAD37 /* Pods.release.xcconfig */ = {isa = PBXFileReference; includeInIndex = 1; lastKnownFileType = text.xcconfig; name = Pods.release.xcconfig; path = "Pods/Target Support Files/Pods/Pods.release.xcconfig"; sourceTree = "<group>"; };
		161FE1091AC986AD00EAE9E3 /* InputViewToolBar.swift */ = {isa = PBXFileReference; fileEncoding = 4; lastKnownFileType = sourcecode.swift; path = InputViewToolBar.swift; sourceTree = "<group>"; };
		16206B211ACB799400D75730 /* SignUpViewController.swift */ = {isa = PBXFileReference; fileEncoding = 4; lastKnownFileType = sourcecode.swift; path = SignUpViewController.swift; sourceTree = "<group>"; };
		162B728A1AC4A56800A70899 /* WhoseTurn-Bridging-Header.h */ = {isa = PBXFileReference; fileEncoding = 4; lastKnownFileType = sourcecode.c.h; path = "WhoseTurn-Bridging-Header.h"; sourceTree = "<group>"; };
		162B728B1AC4A70E00A70899 /* GroupsViewController.swift */ = {isa = PBXFileReference; fileEncoding = 4; lastKnownFileType = sourcecode.swift; path = GroupsViewController.swift; sourceTree = "<group>"; };
		162B728F1AC4AD6A00A70899 /* User.swift */ = {isa = PBXFileReference; fileEncoding = 4; lastKnownFileType = sourcecode.swift; path = User.swift; sourceTree = "<group>"; };
		162B72911AC4AF6900A70899 /* Group.swift */ = {isa = PBXFileReference; fileEncoding = 4; lastKnownFileType = sourcecode.swift; path = Group.swift; sourceTree = "<group>"; };
		162B72931AC4CDAC00A70899 /* MembersViewController.swift */ = {isa = PBXFileReference; fileEncoding = 4; lastKnownFileType = sourcecode.swift; path = MembersViewController.swift; sourceTree = "<group>"; };
		166E03C21AC237A200169F33 /* WhoseTurn.app */ = {isa = PBXFileReference; explicitFileType = wrapper.application; includeInIndex = 0; path = WhoseTurn.app; sourceTree = BUILT_PRODUCTS_DIR; };
		166E03C61AC237A200169F33 /* Info.plist */ = {isa = PBXFileReference; lastKnownFileType = text.plist.xml; path = Info.plist; sourceTree = "<group>"; };
		166E03C71AC237A200169F33 /* AppDelegate.swift */ = {isa = PBXFileReference; lastKnownFileType = sourcecode.swift; path = AppDelegate.swift; sourceTree = "<group>"; };
		166E03C91AC237A200169F33 /* LoginViewController.swift */ = {isa = PBXFileReference; lastKnownFileType = sourcecode.swift; path = LoginViewController.swift; sourceTree = "<group>"; };
		166E03CC1AC237A200169F33 /* Base */ = {isa = PBXFileReference; lastKnownFileType = file.storyboard; name = Base; path = Base.lproj/Main.storyboard; sourceTree = "<group>"; };
		166E03CE1AC237A200169F33 /* Images.xcassets */ = {isa = PBXFileReference; lastKnownFileType = folder.assetcatalog; path = Images.xcassets; sourceTree = "<group>"; };
		166E03D11AC237A200169F33 /* Base */ = {isa = PBXFileReference; lastKnownFileType = file.xib; name = Base; path = Base.lproj/LaunchScreen.xib; sourceTree = "<group>"; };
		166E03D71AC237A200169F33 /* WhoseTurnTests.xctest */ = {isa = PBXFileReference; explicitFileType = wrapper.cfbundle; includeInIndex = 0; path = WhoseTurnTests.xctest; sourceTree = BUILT_PRODUCTS_DIR; };
		166E03DC1AC237A200169F33 /* Info.plist */ = {isa = PBXFileReference; lastKnownFileType = text.plist.xml; path = Info.plist; sourceTree = "<group>"; };
		166E03DD1AC237A200169F33 /* WhoseTurnTests.swift */ = {isa = PBXFileReference; lastKnownFileType = sourcecode.swift; path = WhoseTurnTests.swift; sourceTree = "<group>"; };
		16A1B34B1AC58BB300C36D95 /* NewPaymentViewController.swift */ = {isa = PBXFileReference; fileEncoding = 4; lastKnownFileType = sourcecode.swift; path = NewPaymentViewController.swift; sourceTree = "<group>"; };
		16A1B34D1AC5AAE900C36D95 /* Payment.swift */ = {isa = PBXFileReference; fileEncoding = 4; lastKnownFileType = sourcecode.swift; path = Payment.swift; sourceTree = "<group>"; };
		16A1B3501AC5B0C400C36D95 /* PayorPickerViewController.swift */ = {isa = PBXFileReference; fileEncoding = 4; lastKnownFileType = sourcecode.swift; path = PayorPickerViewController.swift; sourceTree = "<group>"; };
		16A1B35B1AC61FCE00C36D95 /* DayFormatter.swift */ = {isa = PBXFileReference; fileEncoding = 4; lastKnownFileType = sourcecode.swift; path = DayFormatter.swift; sourceTree = "<group>"; };
		16A1B35F1AC6217E00C36D95 /* DatePicker.swift */ = {isa = PBXFileReference; fileEncoding = 4; lastKnownFileType = sourcecode.swift; path = DatePicker.swift; sourceTree = "<group>"; };
		16A1B3611AC7086000C36D95 /* PaymentHistoryViewController.swift */ = {isa = PBXFileReference; fileEncoding = 4; lastKnownFileType = sourcecode.swift; path = PaymentHistoryViewController.swift; sourceTree = "<group>"; };
		16A1B3631AC7193400C36D95 /* MemberMultipleSelectionViewController.swift */ = {isa = PBXFileReference; fileEncoding = 4; lastKnownFileType = sourcecode.swift; path = MemberMultipleSelectionViewController.swift; sourceTree = "<group>"; };
		16CE30501ACB65F800F35D7D /* VerificationCode.swift */ = {isa = PBXFileReference; fileEncoding = 4; lastKnownFileType = sourcecode.swift; path = VerificationCode.swift; sourceTree = "<group>"; };
		16D644E81AC4D8C200BE0E0F /* ProfileViewController.swift */ = {isa = PBXFileReference; fileEncoding = 4; lastKnownFileType = sourcecode.swift; path = ProfileViewController.swift; sourceTree = "<group>"; };
		A41D6344AB15F1FF7D817C77 /* libPods.a */ = {isa = PBXFileReference; explicitFileType = archive.ar; includeInIndex = 0; path = libPods.a; sourceTree = BUILT_PRODUCTS_DIR; };
/* End PBXFileReference section */

/* Begin PBXFrameworksBuildPhase section */
		166E03BF1AC237A100169F33 /* Frameworks */ = {
			isa = PBXFrameworksBuildPhase;
			buildActionMask = 2147483647;
			files = (
				E79FCF117FB6D94358448040 /* libPods.a in Frameworks */,
			);
			runOnlyForDeploymentPostprocessing = 0;
		};
		166E03D41AC237A200169F33 /* Frameworks */ = {
			isa = PBXFrameworksBuildPhase;
			buildActionMask = 2147483647;
			files = (
			);
			runOnlyForDeploymentPostprocessing = 0;
		};
/* End PBXFrameworksBuildPhase section */

/* Begin PBXGroup section */
		16289CD01AC4A1C400A8D493 /* Assets */ = {
			isa = PBXGroup;
			children = (
				166E03CE1AC237A200169F33 /* Images.xcassets */,
			);
			name = Assets;
			sourceTree = "<group>";
		};
		162B728E1AC4AD5E00A70899 /* Models */ = {
			isa = PBXGroup;
			children = (
				162B728F1AC4AD6A00A70899 /* User.swift */,
				162B72911AC4AF6900A70899 /* Group.swift */,
				16A1B34D1AC5AAE900C36D95 /* Payment.swift */,
				16CE30501ACB65F800F35D7D /* VerificationCode.swift */,
			);
			name = Models;
			sourceTree = "<group>";
		};
		166E03B91AC237A100169F33 = {
			isa = PBXGroup;
			children = (
				166E03C41AC237A200169F33 /* WhoseTurn */,
				166E03DA1AC237A200169F33 /* WhoseTurnTests */,
				166E03C31AC237A200169F33 /* Products */,
				9ED9E78E0F4ADBC268171F37 /* Pods */,
				54A9EA3F9458E3829112B2B1 /* Frameworks */,
			);
			sourceTree = "<group>";
		};
		166E03C31AC237A200169F33 /* Products */ = {
			isa = PBXGroup;
			children = (
				166E03C21AC237A200169F33 /* WhoseTurn.app */,
				166E03D71AC237A200169F33 /* WhoseTurnTests.xctest */,
			);
			name = Products;
			sourceTree = "<group>";
		};
		166E03C41AC237A200169F33 /* WhoseTurn */ = {
			isa = PBXGroup;
			children = (
				162B728E1AC4AD5E00A70899 /* Models */,
				16289CD01AC4A1C400A8D493 /* Assets */,
				166E03E71AC237C700169F33 /* ViewControllers */,
				166E03C71AC237A200169F33 /* AppDelegate.swift */,
				166E03CB1AC237A200169F33 /* Main.storyboard */,
				166E03D01AC237A200169F33 /* LaunchScreen.xib */,
				16A1B34F1AC5B0AE00C36D95 /* Utils */,
				166E03C51AC237A200169F33 /* Supporting Files */,
			);
			path = WhoseTurn;
			sourceTree = "<group>";
		};
		166E03C51AC237A200169F33 /* Supporting Files */ = {
			isa = PBXGroup;
			children = (
				166E03C61AC237A200169F33 /* Info.plist */,
				162B728A1AC4A56800A70899 /* WhoseTurn-Bridging-Header.h */,
			);
			name = "Supporting Files";
			sourceTree = "<group>";
		};
		166E03DA1AC237A200169F33 /* WhoseTurnTests */ = {
			isa = PBXGroup;
			children = (
				166E03DD1AC237A200169F33 /* WhoseTurnTests.swift */,
				166E03DB1AC237A200169F33 /* Supporting Files */,
			);
			path = WhoseTurnTests;
			sourceTree = "<group>";
		};
		166E03DB1AC237A200169F33 /* Supporting Files */ = {
			isa = PBXGroup;
			children = (
				166E03DC1AC237A200169F33 /* Info.plist */,
			);
			name = "Supporting Files";
			sourceTree = "<group>";
		};
		166E03E71AC237C700169F33 /* ViewControllers */ = {
			isa = PBXGroup;
			children = (
				166E03C91AC237A200169F33 /* LoginViewController.swift */,
				162B728B1AC4A70E00A70899 /* GroupsViewController.swift */,
				162B72931AC4CDAC00A70899 /* MembersViewController.swift */,
				16D644E81AC4D8C200BE0E0F /* ProfileViewController.swift */,
				16A1B34B1AC58BB300C36D95 /* NewPaymentViewController.swift */,
				16A1B3611AC7086000C36D95 /* PaymentHistoryViewController.swift */,
				16A1B3631AC7193400C36D95 /* MemberMultipleSelectionViewController.swift */,
				16206B211ACB799400D75730 /* SignUpViewController.swift */,
			);
			name = ViewControllers;
			sourceTree = "<group>";
		};
		16A1B34F1AC5B0AE00C36D95 /* Utils */ = {
			isa = PBXGroup;
			children = (
				16A1B3501AC5B0C400C36D95 /* PayorPickerViewController.swift */,
				16A1B35B1AC61FCE00C36D95 /* DayFormatter.swift */,
				16A1B35F1AC6217E00C36D95 /* DatePicker.swift */,
				161FE1091AC986AD00EAE9E3 /* InputViewToolBar.swift */,
			);
			name = Utils;
			sourceTree = "<group>";
		};
		54A9EA3F9458E3829112B2B1 /* Frameworks */ = {
			isa = PBXGroup;
			children = (
				A41D6344AB15F1FF7D817C77 /* libPods.a */,
			);
			name = Frameworks;
			sourceTree = "<group>";
		};
		9ED9E78E0F4ADBC268171F37 /* Pods */ = {
			isa = PBXGroup;
			children = (
				0473FCBA44B894B231F42754 /* Pods.debug.xcconfig */,
				0A7B807C30C0F3E8AC5AAD37 /* Pods.release.xcconfig */,
			);
			name = Pods;
			sourceTree = "<group>";
		};
/* End PBXGroup section */

/* Begin PBXNativeTarget section */
		166E03C11AC237A100169F33 /* WhoseTurn */ = {
			isa = PBXNativeTarget;
			buildConfigurationList = 166E03E11AC237A200169F33 /* Build configuration list for PBXNativeTarget "WhoseTurn" */;
			buildPhases = (
				9AEEF48EC3F4F86FE6368006 /* Check Pods Manifest.lock */,
				166E03BE1AC237A100169F33 /* Sources */,
				166E03BF1AC237A100169F33 /* Frameworks */,
				166E03C01AC237A100169F33 /* Resources */,
				37AD988782C9419FD5C68A3F /* Copy Pods Resources */,
			);
			buildRules = (
			);
			dependencies = (
			);
			name = WhoseTurn;
			productName = WhoseTurn;
			productReference = 166E03C21AC237A200169F33 /* WhoseTurn.app */;
			productType = "com.apple.product-type.application";
		};
		166E03D61AC237A200169F33 /* WhoseTurnTests */ = {
			isa = PBXNativeTarget;
			buildConfigurationList = 166E03E41AC237A200169F33 /* Build configuration list for PBXNativeTarget "WhoseTurnTests" */;
			buildPhases = (
				166E03D31AC237A200169F33 /* Sources */,
				166E03D41AC237A200169F33 /* Frameworks */,
				166E03D51AC237A200169F33 /* Resources */,
			);
			buildRules = (
			);
			dependencies = (
				166E03D91AC237A200169F33 /* PBXTargetDependency */,
			);
			name = WhoseTurnTests;
			productName = WhoseTurnTests;
			productReference = 166E03D71AC237A200169F33 /* WhoseTurnTests.xctest */;
			productType = "com.apple.product-type.bundle.unit-test";
		};
/* End PBXNativeTarget section */

/* Begin PBXProject section */
		166E03BA1AC237A100169F33 /* Project object */ = {
			isa = PBXProject;
			attributes = {
				LastUpgradeCheck = 0620;
				ORGANIZATIONNAME = PopoWorks;
				TargetAttributes = {
					166E03C11AC237A100169F33 = {
						CreatedOnToolsVersion = 6.2;
						DevelopmentTeam = 3KN3Y9MWEG;
					};
					166E03D61AC237A200169F33 = {
						CreatedOnToolsVersion = 6.2;
						TestTargetID = 166E03C11AC237A100169F33;
					};
				};
			};
			buildConfigurationList = 166E03BD1AC237A100169F33 /* Build configuration list for PBXProject "WhoseTurn" */;
			compatibilityVersion = "Xcode 3.2";
			developmentRegion = English;
			hasScannedForEncodings = 0;
			knownRegions = (
				en,
				Base,
			);
			mainGroup = 166E03B91AC237A100169F33;
			productRefGroup = 166E03C31AC237A200169F33 /* Products */;
			projectDirPath = "";
			projectRoot = "";
			targets = (
				166E03C11AC237A100169F33 /* WhoseTurn */,
				166E03D61AC237A200169F33 /* WhoseTurnTests */,
			);
		};
/* End PBXProject section */

/* Begin PBXResourcesBuildPhase section */
		166E03C01AC237A100169F33 /* Resources */ = {
			isa = PBXResourcesBuildPhase;
			buildActionMask = 2147483647;
			files = (
				166E03CD1AC237A200169F33 /* Main.storyboard in Resources */,
				166E03D21AC237A200169F33 /* LaunchScreen.xib in Resources */,
				166E03CF1AC237A200169F33 /* Images.xcassets in Resources */,
			);
			runOnlyForDeploymentPostprocessing = 0;
		};
		166E03D51AC237A200169F33 /* Resources */ = {
			isa = PBXResourcesBuildPhase;
			buildActionMask = 2147483647;
			files = (
			);
			runOnlyForDeploymentPostprocessing = 0;
		};
/* End PBXResourcesBuildPhase section */

/* Begin PBXShellScriptBuildPhase section */
		37AD988782C9419FD5C68A3F /* Copy Pods Resources */ = {
			isa = PBXShellScriptBuildPhase;
			buildActionMask = 2147483647;
			files = (
			);
			inputPaths = (
			);
			name = "Copy Pods Resources";
			outputPaths = (
			);
			runOnlyForDeploymentPostprocessing = 0;
			shellPath = /bin/sh;
			shellScript = "\"${SRCROOT}/Pods/Target Support Files/Pods/Pods-resources.sh\"\n";
			showEnvVarsInLog = 0;
		};
		9AEEF48EC3F4F86FE6368006 /* Check Pods Manifest.lock */ = {
			isa = PBXShellScriptBuildPhase;
			buildActionMask = 2147483647;
			files = (
			);
			inputPaths = (
			);
			name = "Check Pods Manifest.lock";
			outputPaths = (
			);
			runOnlyForDeploymentPostprocessing = 0;
			shellPath = /bin/sh;
			shellScript = "diff \"${PODS_ROOT}/../Podfile.lock\" \"${PODS_ROOT}/Manifest.lock\" > /dev/null\nif [[ $? != 0 ]] ; then\n    cat << EOM\nerror: The sandbox is not in sync with the Podfile.lock. Run 'pod install' or update your CocoaPods installation.\nEOM\n    exit 1\nfi\n";
			showEnvVarsInLog = 0;
		};
/* End PBXShellScriptBuildPhase section */

/* Begin PBXSourcesBuildPhase section */
		166E03BE1AC237A100169F33 /* Sources */ = {
			isa = PBXSourcesBuildPhase;
			buildActionMask = 2147483647;
			files = (
				16A1B34C1AC58BB300C36D95 /* NewPaymentViewController.swift in Sources */,
				162B72901AC4AD6A00A70899 /* User.swift in Sources */,
				16A1B3621AC7086000C36D95 /* PaymentHistoryViewController.swift in Sources */,
				166E03CA1AC237A200169F33 /* LoginViewController.swift in Sources */,
				16A1B35C1AC61FCE00C36D95 /* DayFormatter.swift in Sources */,
				16206B221ACB799400D75730 /* SignUpViewController.swift in Sources */,
				166E03C81AC237A200169F33 /* AppDelegate.swift in Sources */,
				16A1B3511AC5B0C400C36D95 /* PayorPickerViewController.swift in Sources */,
				16A1B3641AC7193400C36D95 /* MemberMultipleSelectionViewController.swift in Sources */,
				16A1B3601AC6217E00C36D95 /* DatePicker.swift in Sources */,
				162B72921AC4AF6900A70899 /* Group.swift in Sources */,
				16D644E91AC4D8C200BE0E0F /* ProfileViewController.swift in Sources */,
				161FE10A1AC986AD00EAE9E3 /* InputViewToolBar.swift in Sources */,
				162B72941AC4CDAC00A70899 /* MembersViewController.swift in Sources */,
				16A1B34E1AC5AAE900C36D95 /* Payment.swift in Sources */,
				162B728C1AC4A70E00A70899 /* GroupsViewController.swift in Sources */,
				16CE30511ACB65F800F35D7D /* VerificationCode.swift in Sources */,
			);
			runOnlyForDeploymentPostprocessing = 0;
		};
		166E03D31AC237A200169F33 /* Sources */ = {
			isa = PBXSourcesBuildPhase;
			buildActionMask = 2147483647;
			files = (
				166E03DE1AC237A200169F33 /* WhoseTurnTests.swift in Sources */,
			);
			runOnlyForDeploymentPostprocessing = 0;
		};
/* End PBXSourcesBuildPhase section */

/* Begin PBXTargetDependency section */
		166E03D91AC237A200169F33 /* PBXTargetDependency */ = {
			isa = PBXTargetDependency;
			target = 166E03C11AC237A100169F33 /* WhoseTurn */;
			targetProxy = 166E03D81AC237A200169F33 /* PBXContainerItemProxy */;
		};
/* End PBXTargetDependency section */

/* Begin PBXVariantGroup section */
		166E03CB1AC237A200169F33 /* Main.storyboard */ = {
			isa = PBXVariantGroup;
			children = (
				166E03CC1AC237A200169F33 /* Base */,
			);
			name = Main.storyboard;
			sourceTree = "<group>";
		};
		166E03D01AC237A200169F33 /* LaunchScreen.xib */ = {
			isa = PBXVariantGroup;
			children = (
				166E03D11AC237A200169F33 /* Base */,
			);
			name = LaunchScreen.xib;
			sourceTree = "<group>";
		};
/* End PBXVariantGroup section */

/* Begin XCBuildConfiguration section */
		166E03DF1AC237A200169F33 /* Debug */ = {
			isa = XCBuildConfiguration;
			buildSettings = {
				ALWAYS_SEARCH_USER_PATHS = NO;
				CLANG_CXX_LANGUAGE_STANDARD = "gnu++0x";
				CLANG_CXX_LIBRARY = "libc++";
				CLANG_ENABLE_MODULES = YES;
				CLANG_ENABLE_OBJC_ARC = YES;
				CLANG_WARN_BOOL_CONVERSION = YES;
				CLANG_WARN_CONSTANT_CONVERSION = YES;
				CLANG_WARN_DIRECT_OBJC_ISA_USAGE = YES_ERROR;
				CLANG_WARN_EMPTY_BODY = YES;
				CLANG_WARN_ENUM_CONVERSION = YES;
				CLANG_WARN_INT_CONVERSION = YES;
				CLANG_WARN_OBJC_ROOT_CLASS = YES_ERROR;
				CLANG_WARN_UNREACHABLE_CODE = YES;
				CLANG_WARN__DUPLICATE_METHOD_MATCH = YES;
				"CODE_SIGN_IDENTITY[sdk=iphoneos*]" = "iPhone Developer";
				COPY_PHASE_STRIP = NO;
				ENABLE_STRICT_OBJC_MSGSEND = YES;
				GCC_C_LANGUAGE_STANDARD = gnu99;
				GCC_DYNAMIC_NO_PIC = NO;
				GCC_OPTIMIZATION_LEVEL = 0;
				GCC_PREPROCESSOR_DEFINITIONS = (
					"DEBUG=1",
					"$(inherited)",
				);
				GCC_SYMBOLS_PRIVATE_EXTERN = NO;
				GCC_WARN_64_TO_32_BIT_CONVERSION = YES;
				GCC_WARN_ABOUT_RETURN_TYPE = YES_ERROR;
				GCC_WARN_UNDECLARED_SELECTOR = YES;
				GCC_WARN_UNINITIALIZED_AUTOS = YES_AGGRESSIVE;
				GCC_WARN_UNUSED_FUNCTION = YES;
				GCC_WARN_UNUSED_VARIABLE = YES;
				IPHONEOS_DEPLOYMENT_TARGET = 8.2;
				MTL_ENABLE_DEBUG_INFO = YES;
				ONLY_ACTIVE_ARCH = YES;
				SDKROOT = iphoneos;
				SWIFT_OPTIMIZATION_LEVEL = "-Onone";
			};
			name = Debug;
		};
		166E03E01AC237A200169F33 /* Release */ = {
			isa = XCBuildConfiguration;
			buildSettings = {
				ALWAYS_SEARCH_USER_PATHS = NO;
				CLANG_CXX_LANGUAGE_STANDARD = "gnu++0x";
				CLANG_CXX_LIBRARY = "libc++";
				CLANG_ENABLE_MODULES = YES;
				CLANG_ENABLE_OBJC_ARC = YES;
				CLANG_WARN_BOOL_CONVERSION = YES;
				CLANG_WARN_CONSTANT_CONVERSION = YES;
				CLANG_WARN_DIRECT_OBJC_ISA_USAGE = YES_ERROR;
				CLANG_WARN_EMPTY_BODY = YES;
				CLANG_WARN_ENUM_CONVERSION = YES;
				CLANG_WARN_INT_CONVERSION = YES;
				CLANG_WARN_OBJC_ROOT_CLASS = YES_ERROR;
				CLANG_WARN_UNREACHABLE_CODE = YES;
				CLANG_WARN__DUPLICATE_METHOD_MATCH = YES;
				"CODE_SIGN_IDENTITY[sdk=iphoneos*]" = "iPhone Developer";
				COPY_PHASE_STRIP = NO;
				ENABLE_NS_ASSERTIONS = NO;
				ENABLE_STRICT_OBJC_MSGSEND = YES;
				GCC_C_LANGUAGE_STANDARD = gnu99;
				GCC_WARN_64_TO_32_BIT_CONVERSION = YES;
				GCC_WARN_ABOUT_RETURN_TYPE = YES_ERROR;
				GCC_WARN_UNDECLARED_SELECTOR = YES;
				GCC_WARN_UNINITIALIZED_AUTOS = YES_AGGRESSIVE;
				GCC_WARN_UNUSED_FUNCTION = YES;
				GCC_WARN_UNUSED_VARIABLE = YES;
				IPHONEOS_DEPLOYMENT_TARGET = 8.2;
				MTL_ENABLE_DEBUG_INFO = NO;
				SDKROOT = iphoneos;
				VALIDATE_PRODUCT = YES;
			};
			name = Release;
		};
		166E03E21AC237A200169F33 /* Debug */ = {
			isa = XCBuildConfiguration;
			baseConfigurationReference = 0473FCBA44B894B231F42754 /* Pods.debug.xcconfig */;
			buildSettings = {
				ASSETCATALOG_COMPILER_APPICON_NAME = AppIcon;
				CODE_SIGN_IDENTITY = "iPhone Developer";
				"CODE_SIGN_IDENTITY[sdk=iphoneos*]" = "iPhone Developer";
				INFOPLIST_FILE = WhoseTurn/Info.plist;
				LD_RUNPATH_SEARCH_PATHS = "$(inherited) @executable_path/Frameworks";
				PRODUCT_NAME = "$(TARGET_NAME)";
				PROVISIONING_PROFILE = "";
				SWIFT_OBJC_BRIDGING_HEADER = "WhoseTurn/WhoseTurn-Bridging-Header.h";
			};
			name = Debug;
		};
		166E03E31AC237A200169F33 /* Release */ = {
			isa = XCBuildConfiguration;
			baseConfigurationReference = 0A7B807C30C0F3E8AC5AAD37 /* Pods.release.xcconfig */;
			buildSettings = {
				ASSETCATALOG_COMPILER_APPICON_NAME = AppIcon;
				CODE_SIGN_IDENTITY = "iPhone Developer";
				"CODE_SIGN_IDENTITY[sdk=iphoneos*]" = "iPhone Developer";
				INFOPLIST_FILE = WhoseTurn/Info.plist;
				LD_RUNPATH_SEARCH_PATHS = "$(inherited) @executable_path/Frameworks";
				PRODUCT_NAME = "$(TARGET_NAME)";
				PROVISIONING_PROFILE = "";
				SWIFT_OBJC_BRIDGING_HEADER = "WhoseTurn/WhoseTurn-Bridging-Header.h";
			};
			name = Release;
		};
		166E03E51AC237A200169F33 /* Debug */ = {
			isa = XCBuildConfiguration;
			buildSettings = {
				BUNDLE_LOADER = "$(TEST_HOST)";
				FRAMEWORK_SEARCH_PATHS = (
					"$(SDKROOT)/Developer/Library/Frameworks",
					"$(inherited)",
				);
				GCC_PREPROCESSOR_DEFINITIONS = (
					"DEBUG=1",
					"$(inherited)",
				);
				INFOPLIST_FILE = WhoseTurnTests/Info.plist;
				LD_RUNPATH_SEARCH_PATHS = "$(inherited) @executable_path/Frameworks @loader_path/Frameworks";
				PRODUCT_NAME = "$(TARGET_NAME)";
				TEST_HOST = "$(BUILT_PRODUCTS_DIR)/WhoseTurn.app/WhoseTurn";
			};
			name = Debug;
		};
		166E03E61AC237A200169F33 /* Release */ = {
			isa = XCBuildConfiguration;
			buildSettings = {
				BUNDLE_LOADER = "$(TEST_HOST)";
				FRAMEWORK_SEARCH_PATHS = (
					"$(SDKROOT)/Developer/Library/Frameworks",
					"$(inherited)",
				);
				INFOPLIST_FILE = WhoseTurnTests/Info.plist;
				LD_RUNPATH_SEARCH_PATHS = "$(inherited) @executable_path/Frameworks @loader_path/Frameworks";
				PRODUCT_NAME = "$(TARGET_NAME)";
				TEST_HOST = "$(BUILT_PRODUCTS_DIR)/WhoseTurn.app/WhoseTurn";
			};
			name = Release;
		};
/* End XCBuildConfiguration section */

/* Begin XCConfigurationList section */
		166E03BD1AC237A100169F33 /* Build configuration list for PBXProject "WhoseTurn" */ = {
			isa = XCConfigurationList;
			buildConfigurations = (
				166E03DF1AC237A200169F33 /* Debug */,
				166E03E01AC237A200169F33 /* Release */,
			);
			defaultConfigurationIsVisible = 0;
			defaultConfigurationName = Release;
		};
		166E03E11AC237A200169F33 /* Build configuration list for PBXNativeTarget "WhoseTurn" */ = {
			isa = XCConfigurationList;
			buildConfigurations = (
				166E03E21AC237A200169F33 /* Debug */,
				166E03E31AC237A200169F33 /* Release */,
			);
			defaultConfigurationIsVisible = 0;
			defaultConfigurationName = Release;
		};
		166E03E41AC237A200169F33 /* Build configuration list for PBXNativeTarget "WhoseTurnTests" */ = {
			isa = XCConfigurationList;
			buildConfigurations = (
				166E03E51AC237A200169F33 /* Debug */,
				166E03E61AC237A200169F33 /* Release */,
			);
			defaultConfigurationIsVisible = 0;
			defaultConfigurationName = Release;
		};
/* End XCConfigurationList section */
	};
	rootObject = 166E03BA1AC237A100169F33 /* Project object */;
}
